
Microsoft Visual Studio Solution File, Format Version 12.00
# Visual Studio 2012
Project("{FAE04EC0-301F-11D3-BF4B-00C04F79EFBC}") = "PROYECTOSDEINTERNET2", "PROYECTOSDEINTERNET2\PROYECTOSDEINTERNET2.csproj", "{707A0BD2-1D3E-4601-9B0B-C1740901880C}"
EndProject
Project("{FAE04EC0-301F-11D3-BF4B-00C04F79EFBC}") = "WINDOWNFORM", "WINDOWNFORM\WINDOWNFORM.csproj", "{B642E548-9337-4224-AF47-C262AE9A3DCF}"
EndProject
Project("{FAE04EC0-301F-11D3-BF4B-00C04F79EFBC}") = "ARRAYLIST", "ARRAYLIST\ARRAYLIST.csproj", "{68D243AD-CBF6-4B9B-BE72-B0E6590C68FE}"
EndProject
Project("{FAE04EC0-301F-11D3-BF4B-00C04F79EFBC}") = "COLECCIONESGENERICAS", "COLECCIONESGENERICAS\COLECCIONESGENERICAS.csproj", "{012091FD-A53B-4360-AC57-F164801F04BA}"
EndProject
Project("{FAE04EC0-301F-11D3-BF4B-00C04F79EFBC}") = "TEXTVIDEO13", "TEXTVIDEO13\TEXTVIDEO13.csproj", "{EDC41D53-9FC5-450F-8286-9A38DE7AE3E1}"
EndProject
Project("{FAE04EC0-301F-11D3-BF4B-00C04F79EFBC}") = "VIDEO13SOBRECARGAOPERADORES", "VIDEO13SOBRECARGAOPERADORES\VIDEO13SOBRECARGAOPERADORES.csproj", "{A04848DA-45FB-4906-AD77-7287CD2B811C}"
EndProject
Project("{FAE04EC0-301F-11D3-BF4B-00C04F79EFBC}") = "HERENCIA", "HERENCIA\HERENCIA.csproj", "{8BB096DC-62C9-4B8E-8246-036F6D7A989B}"
EndProject
Global
	GlobalSection(SolutionConfigurationPlatforms) = preSolution
		Debug|Any CPU = Debug|Any CPU
		Release|Any CPU = Release|Any CPU
	EndGlobalSection
	GlobalSection(ProjectConfigurationPlatforms) = postSolution
		{707A0BD2-1D3E-4601-9B0B-C1740901880C}.Debug|Any CPU.ActiveCfg = Debug|Any CPU
		{707A0BD2-1D3E-4601-9B0B-C1740901880C}.Debug|Any CPU.Build.0 = Debug|Any CPU
		{707A0BD2-1D3E-4601-9B0B-C1740901880C}.Release|Any CPU.ActiveCfg = Release|Any CPU
		{707A0BD2-1D3E-4601-9B0B-C1740901880C}.Release|Any CPU.Build.0 = Release|Any CPU
		{B642E548-9337-4224-AF47-C262AE9A3DCF}.Debug|Any CPU.ActiveCfg = Debug|Any CPU
		{B642E548-9337-4224-AF47-C262AE9A3DCF}.Debug|Any CPU.Build.0 = Debug|Any CPU
		{B642E548-9337-4224-AF47-C262AE9A3DCF}.Release|Any CPU.ActiveCfg = Release|Any CPU
		{B642E548-9337-4224-AF47-C262AE9A3DCF}.Release|Any CPU.Build.0 = Release|Any CPU
		{68D243AD-CBF6-4B9B-BE72-B0E6590C68FE}.Debug|Any CPU.ActiveCfg = Debug|Any CPU
		{68D243AD-CBF6-4B9B-BE72-B0E6590C68FE}.Debug|Any CPU.Build.0 = Debug|Any CPU
		{68D243AD-CBF6-4B9B-BE72-B0E6590C68FE}.Release|Any CPU.ActiveCfg = Release|Any CPU
		{68D243AD-CBF6-4B9B-BE72-B0E6590C68FE}.Release|Any CPU.Build.0 = Release|Any CPU
		{012091FD-A53B-4360-AC57-F164801F04BA}.Debug|Any CPU.ActiveCfg = Debug|Any CPU
		{012091FD-A53B-4360-AC57-F164801F04BA}.Debug|Any CPU.Build.0 = Debug|Any CPU
		{012091FD-A53B-4360-AC57-F164801F04BA}.Release|Any CPU.ActiveCfg = Release|Any CPU
		{012091FD-A53B-4360-AC57-F164801F04BA}.Release|Any CPU.Build.0 = Release|Any CPU
		{EDC41D53-9FC5-450F-8286-9A38DE7AE3E1}.Debug|Any CPU.ActiveCfg = Debug|Any CPU
		{EDC41D53-9FC5-450F-8286-9A38DE7AE3E1}.Debug|Any CPU.Build.0 = Debug|Any CPU
		{EDC41D53-9FC5-450F-8286-9A38DE7AE3E1}.Release|Any CPU.ActiveCfg = Release|Any CPU
		{EDC41D53-9FC5-450F-8286-9A38DE7AE3E1}.Release|Any CPU.Build.0 = Release|Any CPU
		{A04848DA-45FB-4906-AD77-7287CD2B811C}.Debug|Any CPU.ActiveCfg = Debug|Any CPU
		{A04848DA-45FB-4906-AD77-7287CD2B811C}.Debug|Any CPU.Build.0 = Debug|Any CPU
		{A04848DA-45FB-4906-AD77-7287CD2B811C}.Release|Any CPU.ActiveCfg = Release|Any CPU
		{A04848DA-45FB-4906-AD77-7287CD2B811C}.Release|Any CPU.Build.0 = Release|Any CPU
		{8BB096DC-62C9-4B8E-8246-036F6D7A989B}.Debug|Any CPU.ActiveCfg = Debug|Any CPU
		{8BB096DC-62C9-4B8E-8246-036F6D7A989B}.Debug|Any CPU.Build.0 = Debug|Any CPU
		{8BB096DC-62C9-4B8E-8246-036F6D7A989B}.Release|Any CPU.ActiveCfg = Release|Any CPU
		{8BB096DC-62C9-4B8E-8246-036F6D7A989B}.Release|Any CPU.Build.0 = Release|Any CPU
	EndGlobalSection
	GlobalSection(SolutionProperties) = preSolution
		HideSolutionNode = FALSE
	EndGlobalSection
EndGlobal
