
Microsoft Visual Studio Solution File, Format Version 12.00
# Visual Studio 15
VisualStudioVersion = 15.0.27703.2047
MinimumVisualStudioVersion = 10.0.40219.1
Project("{FAE04EC0-301F-11D3-BF4B-00C04F79EFBC}") = "clase 18y19videos", "clase 18y19videos\clase 18y19videos.csproj", "{B4B595AC-D945-4BD6-A4B2-9F4AC8AC5170}"
EndProject
Project("{FAE04EC0-301F-11D3-BF4B-00C04F79EFBC}") = "arcivowindownform", "arcivowindownform\arcivowindownform.csproj", "{B0EF02B0-E892-430E-BC65-FF7797E6E343}"
EndProject
Global
	GlobalSection(SolutionConfigurationPlatforms) = preSolution
		Debug|Any CPU = Debug|Any CPU
		Release|Any CPU = Release|Any CPU
	EndGlobalSection
	GlobalSection(ProjectConfigurationPlatforms) = postSolution
		{B4B595AC-D945-4BD6-A4B2-9F4AC8AC5170}.Debug|Any CPU.ActiveCfg = Debug|Any CPU
		{B4B595AC-D945-4BD6-A4B2-9F4AC8AC5170}.Debug|Any CPU.Build.0 = Debug|Any CPU
		{B4B595AC-D945-4BD6-A4B2-9F4AC8AC5170}.Release|Any CPU.ActiveCfg = Release|Any CPU
		{B4B595AC-D945-4BD6-A4B2-9F4AC8AC5170}.Release|Any CPU.Build.0 = Release|Any CPU
		{B0EF02B0-E892-430E-BC65-FF7797E6E343}.Debug|Any CPU.ActiveCfg = Debug|Any CPU
		{B0EF02B0-E892-430E-BC65-FF7797E6E343}.Debug|Any CPU.Build.0 = Debug|Any CPU
		{B0EF02B0-E892-430E-BC65-FF7797E6E343}.Release|Any CPU.ActiveCfg = Release|Any CPU
		{B0EF02B0-E892-430E-BC65-FF7797E6E343}.Release|Any CPU.Build.0 = Release|Any CPU
	EndGlobalSection
	GlobalSection(SolutionProperties) = preSolution
		HideSolutionNode = FALSE
	EndGlobalSection
	GlobalSection(ExtensibilityGlobals) = postSolution
		SolutionGuid = {5DD7951D-CB6D-445C-8A9C-A7637137DFA8}
	EndGlobalSection
EndGlobal
