
Microsoft Visual Studio Solution File, Format Version 12.00
# Visual Studio 2012
Project("{FAE04EC0-301F-11D3-BF4B-00C04F79EFBC}") = "Centralitatelefonica", "Centralitatelefonica\Centralitatelefonica.csproj", "{0F7E4D8F-DA26-4859-8FFE-352A180FCC1E}"
EndProject
Project("{FAE04EC0-301F-11D3-BF4B-00C04F79EFBC}") = "Centralita", "Centralita\Centralita.csproj", "{A9DC52A4-4BF6-462D-8495-0EF3F9A25E0E}"
EndProject
Project("{FAE04EC0-301F-11D3-BF4B-00C04F79EFBC}") = "CENTRALITA(consola)", "CENTRALITA(consola)\CENTRALITA(consola).csproj", "{0ABF20B4-4D39-4089-9B4D-3C5305291997}"
EndProject
Global
	GlobalSection(SolutionConfigurationPlatforms) = preSolution
		Debug|Any CPU = Debug|Any CPU
		Release|Any CPU = Release|Any CPU
	EndGlobalSection
	GlobalSection(ProjectConfigurationPlatforms) = postSolution
		{0F7E4D8F-DA26-4859-8FFE-352A180FCC1E}.Debug|Any CPU.ActiveCfg = Debug|Any CPU
		{0F7E4D8F-DA26-4859-8FFE-352A180FCC1E}.Debug|Any CPU.Build.0 = Debug|Any CPU
		{0F7E4D8F-DA26-4859-8FFE-352A180FCC1E}.Release|Any CPU.ActiveCfg = Release|Any CPU
		{0F7E4D8F-DA26-4859-8FFE-352A180FCC1E}.Release|Any CPU.Build.0 = Release|Any CPU
		{A9DC52A4-4BF6-462D-8495-0EF3F9A25E0E}.Debug|Any CPU.ActiveCfg = Debug|Any CPU
		{A9DC52A4-4BF6-462D-8495-0EF3F9A25E0E}.Debug|Any CPU.Build.0 = Debug|Any CPU
		{A9DC52A4-4BF6-462D-8495-0EF3F9A25E0E}.Release|Any CPU.ActiveCfg = Release|Any CPU
		{A9DC52A4-4BF6-462D-8495-0EF3F9A25E0E}.Release|Any CPU.Build.0 = Release|Any CPU
		{0ABF20B4-4D39-4089-9B4D-3C5305291997}.Debug|Any CPU.ActiveCfg = Debug|Any CPU
		{0ABF20B4-4D39-4089-9B4D-3C5305291997}.Debug|Any CPU.Build.0 = Debug|Any CPU
		{0ABF20B4-4D39-4089-9B4D-3C5305291997}.Release|Any CPU.ActiveCfg = Release|Any CPU
		{0ABF20B4-4D39-4089-9B4D-3C5305291997}.Release|Any CPU.Build.0 = Release|Any CPU
	EndGlobalSection
	GlobalSection(SolutionProperties) = preSolution
		HideSolutionNode = FALSE
	EndGlobalSection
EndGlobal
