
Microsoft Visual Studio Solution File, Format Version 12.00
# Visual Studio 15
VisualStudioVersion = 15.0.27703.2047
MinimumVisualStudioVersion = 10.0.40219.1
Project("{FAE04EC0-301F-11D3-BF4B-00C04F79EFBC}") = "CLASE08CSHARP", "CLASE08CSHARP\CLASE08CSHARP.csproj", "{7E86F8C5-C1E0-4EEB-BDE2-8B38AB808EB1}"
EndProject
Project("{FAE04EC0-301F-11D3-BF4B-00C04F79EFBC}") = "CONSOLA", "CONSOLA\CONSOLA.csproj", "{CF7ABF9E-B6D3-442E-A70B-B85A97B5CD95}"
EndProject
Project("{FAE04EC0-301F-11D3-BF4B-00C04F79EFBC}") = "formulafactura", "formulafactura\formulafactura.csproj", "{955CE114-4B0F-44E5-B754-3436EAF95416}"
EndProject
Global
	GlobalSection(SolutionConfigurationPlatforms) = preSolution
		Debug|Any CPU = Debug|Any CPU
		Release|Any CPU = Release|Any CPU
	EndGlobalSection
	GlobalSection(ProjectConfigurationPlatforms) = postSolution
		{7E86F8C5-C1E0-4EEB-BDE2-8B38AB808EB1}.Debug|Any CPU.ActiveCfg = Debug|Any CPU
		{7E86F8C5-C1E0-4EEB-BDE2-8B38AB808EB1}.Debug|Any CPU.Build.0 = Debug|Any CPU
		{7E86F8C5-C1E0-4EEB-BDE2-8B38AB808EB1}.Release|Any CPU.ActiveCfg = Release|Any CPU
		{7E86F8C5-C1E0-4EEB-BDE2-8B38AB808EB1}.Release|Any CPU.Build.0 = Release|Any CPU
		{CF7ABF9E-B6D3-442E-A70B-B85A97B5CD95}.Debug|Any CPU.ActiveCfg = Debug|Any CPU
		{CF7ABF9E-B6D3-442E-A70B-B85A97B5CD95}.Debug|Any CPU.Build.0 = Debug|Any CPU
		{CF7ABF9E-B6D3-442E-A70B-B85A97B5CD95}.Release|Any CPU.ActiveCfg = Release|Any CPU
		{CF7ABF9E-B6D3-442E-A70B-B85A97B5CD95}.Release|Any CPU.Build.0 = Release|Any CPU
		{955CE114-4B0F-44E5-B754-3436EAF95416}.Debug|Any CPU.ActiveCfg = Debug|Any CPU
		{955CE114-4B0F-44E5-B754-3436EAF95416}.Debug|Any CPU.Build.0 = Debug|Any CPU
		{955CE114-4B0F-44E5-B754-3436EAF95416}.Release|Any CPU.ActiveCfg = Release|Any CPU
		{955CE114-4B0F-44E5-B754-3436EAF95416}.Release|Any CPU.Build.0 = Release|Any CPU
	EndGlobalSection
	GlobalSection(SolutionProperties) = preSolution
		HideSolutionNode = FALSE
	EndGlobalSection
	GlobalSection(ExtensibilityGlobals) = postSolution
		SolutionGuid = {6B1EEF10-E84C-4C7F-9D5E-81CAF4DF3EDD}
	EndGlobalSection
EndGlobal
